
Microsoft Visual Studio Solution File, Format Version 12.00
# Visual Studio Version 17
VisualStudioVersion = 17.12.36227.10
MinimumVisualStudioVersion = 10.0.40219.1
Project("{FAE04EC0-301F-11D3-BF4B-00C04F79EFBC}") = "Structure_01", "Structure_01\Structure_01.csproj", "{FBE8B6DA-ABA2-4A7B-922B-26790265AD15}"
EndProject
Project("{FAE04EC0-301F-11D3-BF4B-00C04F79EFBC}") = "Structure_02", "Structure_02\Structure_02.csproj", "{3212C4F9-E225-41B2-9C73-EA8319422B86}"
EndProject
Project("{FAE04EC0-301F-11D3-BF4B-00C04F79EFBC}") = "Structure_03", "Structure_03\Structure_03.csproj", "{1F118A3D-2EFD-47A5-8A4C-3C1E568697EF}"
EndProject
Project("{FAE04EC0-301F-11D3-BF4B-00C04F79EFBC}") = "Structure_04", "Structure_04\Structure_04.csproj", "{C05214FE-8E68-4B49-9B79-E0EE8A33E5B7}"
EndProject
Project("{FAE04EC0-301F-11D3-BF4B-00C04F79EFBC}") = "Structure_05", "Structure_05\Structure_05.csproj", "{22C0B3F2-0183-4390-9C1F-3EE70F581801}"
EndProject
Project("{FAE04EC0-301F-11D3-BF4B-00C04F79EFBC}") = "Structure_06", "Structure_06\Structure_06.csproj", "{F014ECD2-2F6C-4314-8E07-D180578FDA5B}"
EndProject
Project("{FAE04EC0-301F-11D3-BF4B-00C04F79EFBC}") = "Structure_07", "Structure_07\Structure_07.csproj", "{440F1110-6025-4513-A460-7DE0B6740A6E}"
EndProject
Project("{FAE04EC0-301F-11D3-BF4B-00C04F79EFBC}") = "Structure_08", "Structure_08\Structure_08.csproj", "{396C7883-9F6B-4E59-B2DE-35211AB149C5}"
EndProject
Project("{FAE04EC0-301F-11D3-BF4B-00C04F79EFBC}") = "Structure_09", "Structure_09\Structure_09.csproj", "{D30EA482-1945-4BB4-B26A-0EF29118D8A4}"
EndProject
Project("{FAE04EC0-301F-11D3-BF4B-00C04F79EFBC}") = "Structure_10", "Structure_10\Structure_10.csproj", "{9C171C61-057A-4E0B-B440-48C85A42E160}"
EndProject
Project("{FAE04EC0-301F-11D3-BF4B-00C04F79EFBC}") = "Structure_11", "Structure_11\Structure_11.csproj", "{57325662-3A1E-465C-9A4D-A00156750449}"
EndProject
Project("{FAE04EC0-301F-11D3-BF4B-00C04F79EFBC}") = "Structure_12", "Structure_12\Structure_12.csproj", "{78F9B470-CDC0-4C97-85D1-077DD68BFD7F}"
EndProject
Global
	GlobalSection(SolutionConfigurationPlatforms) = preSolution
		Debug|Any CPU = Debug|Any CPU
		Release|Any CPU = Release|Any CPU
	EndGlobalSection
	GlobalSection(ProjectConfigurationPlatforms) = postSolution
		{FBE8B6DA-ABA2-4A7B-922B-26790265AD15}.Debug|Any CPU.ActiveCfg = Debug|Any CPU
		{FBE8B6DA-ABA2-4A7B-922B-26790265AD15}.Debug|Any CPU.Build.0 = Debug|Any CPU
		{FBE8B6DA-ABA2-4A7B-922B-26790265AD15}.Release|Any CPU.ActiveCfg = Release|Any CPU
		{FBE8B6DA-ABA2-4A7B-922B-26790265AD15}.Release|Any CPU.Build.0 = Release|Any CPU
		{3212C4F9-E225-41B2-9C73-EA8319422B86}.Debug|Any CPU.ActiveCfg = Debug|Any CPU
		{3212C4F9-E225-41B2-9C73-EA8319422B86}.Debug|Any CPU.Build.0 = Debug|Any CPU
		{3212C4F9-E225-41B2-9C73-EA8319422B86}.Release|Any CPU.ActiveCfg = Release|Any CPU
		{3212C4F9-E225-41B2-9C73-EA8319422B86}.Release|Any CPU.Build.0 = Release|Any CPU
		{1F118A3D-2EFD-47A5-8A4C-3C1E568697EF}.Debug|Any CPU.ActiveCfg = Debug|Any CPU
		{1F118A3D-2EFD-47A5-8A4C-3C1E568697EF}.Debug|Any CPU.Build.0 = Debug|Any CPU
		{1F118A3D-2EFD-47A5-8A4C-3C1E568697EF}.Release|Any CPU.ActiveCfg = Release|Any CPU
		{1F118A3D-2EFD-47A5-8A4C-3C1E568697EF}.Release|Any CPU.Build.0 = Release|Any CPU
		{C05214FE-8E68-4B49-9B79-E0EE8A33E5B7}.Debug|Any CPU.ActiveCfg = Debug|Any CPU
		{C05214FE-8E68-4B49-9B79-E0EE8A33E5B7}.Debug|Any CPU.Build.0 = Debug|Any CPU
		{C05214FE-8E68-4B49-9B79-E0EE8A33E5B7}.Release|Any CPU.ActiveCfg = Release|Any CPU
		{C05214FE-8E68-4B49-9B79-E0EE8A33E5B7}.Release|Any CPU.Build.0 = Release|Any CPU
		{22C0B3F2-0183-4390-9C1F-3EE70F581801}.Debug|Any CPU.ActiveCfg = Debug|Any CPU
		{22C0B3F2-0183-4390-9C1F-3EE70F581801}.Debug|Any CPU.Build.0 = Debug|Any CPU
		{22C0B3F2-0183-4390-9C1F-3EE70F581801}.Release|Any CPU.ActiveCfg = Release|Any CPU
		{22C0B3F2-0183-4390-9C1F-3EE70F581801}.Release|Any CPU.Build.0 = Release|Any CPU
		{F014ECD2-2F6C-4314-8E07-D180578FDA5B}.Debug|Any CPU.ActiveCfg = Debug|Any CPU
		{F014ECD2-2F6C-4314-8E07-D180578FDA5B}.Debug|Any CPU.Build.0 = Debug|Any CPU
		{F014ECD2-2F6C-4314-8E07-D180578FDA5B}.Release|Any CPU.ActiveCfg = Release|Any CPU
		{F014ECD2-2F6C-4314-8E07-D180578FDA5B}.Release|Any CPU.Build.0 = Release|Any CPU
		{440F1110-6025-4513-A460-7DE0B6740A6E}.Debug|Any CPU.ActiveCfg = Debug|Any CPU
		{440F1110-6025-4513-A460-7DE0B6740A6E}.Debug|Any CPU.Build.0 = Debug|Any CPU
		{440F1110-6025-4513-A460-7DE0B6740A6E}.Release|Any CPU.ActiveCfg = Release|Any CPU
		{440F1110-6025-4513-A460-7DE0B6740A6E}.Release|Any CPU.Build.0 = Release|Any CPU
		{396C7883-9F6B-4E59-B2DE-35211AB149C5}.Debug|Any CPU.ActiveCfg = Debug|Any CPU
		{396C7883-9F6B-4E59-B2DE-35211AB149C5}.Debug|Any CPU.Build.0 = Debug|Any CPU
		{396C7883-9F6B-4E59-B2DE-35211AB149C5}.Release|Any CPU.ActiveCfg = Release|Any CPU
		{396C7883-9F6B-4E59-B2DE-35211AB149C5}.Release|Any CPU.Build.0 = Release|Any CPU
		{D30EA482-1945-4BB4-B26A-0EF29118D8A4}.Debug|Any CPU.ActiveCfg = Debug|Any CPU
		{D30EA482-1945-4BB4-B26A-0EF29118D8A4}.Debug|Any CPU.Build.0 = Debug|Any CPU
		{D30EA482-1945-4BB4-B26A-0EF29118D8A4}.Release|Any CPU.ActiveCfg = Release|Any CPU
		{D30EA482-1945-4BB4-B26A-0EF29118D8A4}.Release|Any CPU.Build.0 = Release|Any CPU
		{9C171C61-057A-4E0B-B440-48C85A42E160}.Debug|Any CPU.ActiveCfg = Debug|Any CPU
		{9C171C61-057A-4E0B-B440-48C85A42E160}.Debug|Any CPU.Build.0 = Debug|Any CPU
		{9C171C61-057A-4E0B-B440-48C85A42E160}.Release|Any CPU.ActiveCfg = Release|Any CPU
		{9C171C61-057A-4E0B-B440-48C85A42E160}.Release|Any CPU.Build.0 = Release|Any CPU
		{57325662-3A1E-465C-9A4D-A00156750449}.Debug|Any CPU.ActiveCfg = Debug|Any CPU
		{57325662-3A1E-465C-9A4D-A00156750449}.Debug|Any CPU.Build.0 = Debug|Any CPU
		{57325662-3A1E-465C-9A4D-A00156750449}.Release|Any CPU.ActiveCfg = Release|Any CPU
		{57325662-3A1E-465C-9A4D-A00156750449}.Release|Any CPU.Build.0 = Release|Any CPU
		{78F9B470-CDC0-4C97-85D1-077DD68BFD7F}.Debug|Any CPU.ActiveCfg = Debug|Any CPU
		{78F9B470-CDC0-4C97-85D1-077DD68BFD7F}.Debug|Any CPU.Build.0 = Debug|Any CPU
		{78F9B470-CDC0-4C97-85D1-077DD68BFD7F}.Release|Any CPU.ActiveCfg = Release|Any CPU
		{78F9B470-CDC0-4C97-85D1-077DD68BFD7F}.Release|Any CPU.Build.0 = Release|Any CPU
	EndGlobalSection
	GlobalSection(SolutionProperties) = preSolution
		HideSolutionNode = FALSE
	EndGlobalSection
EndGlobal
